// !$*UTF8*$!
{
	archiveVersion = 1;
	classes = {
	};
	objectVersion = 50;
	objects = {

/* Begin PBXBuildFile section */
		5FB472052396D41F00385EC0 /* AppDelegate.swift in Sources */ = {isa = PBXBuildFile; fileRef = 5FB472042396D41F00385EC0 /* AppDelegate.swift */; };
		5FB472072396D41F00385EC0 /* SceneDelegate.swift in Sources */ = {isa = PBXBuildFile; fileRef = 5FB472062396D41F00385EC0 /* SceneDelegate.swift */; };
		5FB472092396D41F00385EC0 /* ViewController.swift in Sources */ = {isa = PBXBuildFile; fileRef = 5FB472082396D41F00385EC0 /* ViewController.swift */; };
		5FB4720C2396D41F00385EC0 /* Main.storyboard in Resources */ = {isa = PBXBuildFile; fileRef = 5FB4720A2396D41F00385EC0 /* Main.storyboard */; };
		5FB4720E2396D42200385EC0 /* Assets.xcassets in Resources */ = {isa = PBXBuildFile; fileRef = 5FB4720D2396D42200385EC0 /* Assets.xcassets */; };
		5FB472112396D42200385EC0 /* LaunchScreen.storyboard in Resources */ = {isa = PBXBuildFile; fileRef = 5FB4720F2396D42200385EC0 /* LaunchScreen.storyboard */; };
		5FB4721C2396D42200385EC0 /* pract2CTFinalTests.swift in Sources */ = {isa = PBXBuildFile; fileRef = 5FB4721B2396D42200385EC0 /* pract2CTFinalTests.swift */; };
		5FB472272396D42200385EC0 /* pract2CTFinalUITests.swift in Sources */ = {isa = PBXBuildFile; fileRef = 5FB472262396D42200385EC0 /* pract2CTFinalUITests.swift */; };
		5FFD1405239AA08E003991BE /* ctPract2.xcdatamodeld in Sources */ = {isa = PBXBuildFile; fileRef = 5FFD1403239AA08E003991BE /* ctPract2.xcdatamodeld */; };
		5FFD1407239AA5C1003991BE /* AddContactViewController.swift in Sources */ = {isa = PBXBuildFile; fileRef = 5FFD1406239AA5C1003991BE /* AddContactViewController.swift */; };
		5FFD1409239AA809003991BE /* ShowContactViewController.swift in Sources */ = {isa = PBXBuildFile; fileRef = 5FFD1408239AA809003991BE /* ShowContactViewController.swift */; };
		5FFD140B239AAB0D003991BE /* ContactHeader.swift in Sources */ = {isa = PBXBuildFile; fileRef = 5FFD140A239AAB0D003991BE /* ContactHeader.swift */; };
		5FFD140D239AAB22003991BE /* ContactNumber.swift in Sources */ = {isa = PBXBuildFile; fileRef = 5FFD140C239AAB22003991BE /* ContactNumber.swift */; };
		5FFD140F239AC9F0003991BE /* ContactController.swift in Sources */ = {isa = PBXBuildFile; fileRef = 5FFD140E239AC9F0003991BE /* ContactController.swift */; };
		5FFD1411239D4DDC003991BE /* EditContactViewController.swift in Sources */ = {isa = PBXBuildFile; fileRef = 5FFD1410239D4DDC003991BE /* EditContactViewController.swift */; };
/* End PBXBuildFile section */

/* Begin PBXContainerItemProxy section */
		5FB472182396D42200385EC0 /* PBXContainerItemProxy */ = {
			isa = PBXContainerItemProxy;
			containerPortal = 5FB471F92396D41F00385EC0 /* Project object */;
			proxyType = 1;
			remoteGlobalIDString = 5FB472002396D41F00385EC0;
			remoteInfo = pract2CTFinal;
		};
		5FB472232396D42200385EC0 /* PBXContainerItemProxy */ = {
			isa = PBXContainerItemProxy;
			containerPortal = 5FB471F92396D41F00385EC0 /* Project object */;
			proxyType = 1;
			remoteGlobalIDString = 5FB472002396D41F00385EC0;
			remoteInfo = pract2CTFinal;
		};
/* End PBXContainerItemProxy section */

/* Begin PBXFileReference section */
		5FB472012396D41F00385EC0 /* pract2CTFinal.app */ = {isa = PBXFileReference; explicitFileType = wrapper.application; includeInIndex = 0; path = pract2CTFinal.app; sourceTree = BUILT_PRODUCTS_DIR; };
		5FB472042396D41F00385EC0 /* AppDelegate.swift */ = {isa = PBXFileReference; lastKnownFileType = sourcecode.swift; path = AppDelegate.swift; sourceTree = "<group>"; };
		5FB472062396D41F00385EC0 /* SceneDelegate.swift */ = {isa = PBXFileReference; lastKnownFileType = sourcecode.swift; path = SceneDelegate.swift; sourceTree = "<group>"; };
		5FB472082396D41F00385EC0 /* ViewController.swift */ = {isa = PBXFileReference; lastKnownFileType = sourcecode.swift; path = ViewController.swift; sourceTree = "<group>"; };
		5FB4720B2396D41F00385EC0 /* Base */ = {isa = PBXFileReference; lastKnownFileType = file.storyboard; name = Base; path = Base.lproj/Main.storyboard; sourceTree = "<group>"; };
		5FB4720D2396D42200385EC0 /* Assets.xcassets */ = {isa = PBXFileReference; lastKnownFileType = folder.assetcatalog; path = Assets.xcassets; sourceTree = "<group>"; };
		5FB472102396D42200385EC0 /* Base */ = {isa = PBXFileReference; lastKnownFileType = file.storyboard; name = Base; path = Base.lproj/LaunchScreen.storyboard; sourceTree = "<group>"; };
		5FB472122396D42200385EC0 /* Info.plist */ = {isa = PBXFileReference; lastKnownFileType = text.plist.xml; path = Info.plist; sourceTree = "<group>"; };
		5FB472172396D42200385EC0 /* pract2CTFinalTests.xctest */ = {isa = PBXFileReference; explicitFileType = wrapper.cfbundle; includeInIndex = 0; path = pract2CTFinalTests.xctest; sourceTree = BUILT_PRODUCTS_DIR; };
		5FB4721B2396D42200385EC0 /* pract2CTFinalTests.swift */ = {isa = PBXFileReference; lastKnownFileType = sourcecode.swift; path = pract2CTFinalTests.swift; sourceTree = "<group>"; };
		5FB4721D2396D42200385EC0 /* Info.plist */ = {isa = PBXFileReference; lastKnownFileType = text.plist.xml; path = Info.plist; sourceTree = "<group>"; };
		5FB472222396D42200385EC0 /* pract2CTFinalUITests.xctest */ = {isa = PBXFileReference; explicitFileType = wrapper.cfbundle; includeInIndex = 0; path = pract2CTFinalUITests.xctest; sourceTree = BUILT_PRODUCTS_DIR; };
		5FB472262396D42200385EC0 /* pract2CTFinalUITests.swift */ = {isa = PBXFileReference; lastKnownFileType = sourcecode.swift; path = pract2CTFinalUITests.swift; sourceTree = "<group>"; };
		5FB472282396D42200385EC0 /* Info.plist */ = {isa = PBXFileReference; lastKnownFileType = text.plist.xml; path = Info.plist; sourceTree = "<group>"; };
		5FFD1404239AA08E003991BE /* ctPract2.xcdatamodel */ = {isa = PBXFileReference; lastKnownFileType = wrapper.xcdatamodel; path = ctPract2.xcdatamodel; sourceTree = "<group>"; };
		5FFD1406239AA5C1003991BE /* AddContactViewController.swift */ = {isa = PBXFileReference; lastKnownFileType = sourcecode.swift; path = AddContactViewController.swift; sourceTree = "<group>"; };
		5FFD1408239AA809003991BE /* ShowContactViewController.swift */ = {isa = PBXFileReference; lastKnownFileType = sourcecode.swift; path = ShowContactViewController.swift; sourceTree = "<group>"; };
		5FFD140A239AAB0D003991BE /* ContactHeader.swift */ = {isa = PBXFileReference; lastKnownFileType = sourcecode.swift; path = ContactHeader.swift; sourceTree = "<group>"; };
		5FFD140C239AAB22003991BE /* ContactNumber.swift */ = {isa = PBXFileReference; lastKnownFileType = sourcecode.swift; path = ContactNumber.swift; sourceTree = "<group>"; };
		5FFD140E239AC9F0003991BE /* ContactController.swift */ = {isa = PBXFileReference; lastKnownFileType = sourcecode.swift; path = ContactController.swift; sourceTree = "<group>"; };
		5FFD1410239D4DDC003991BE /* EditContactViewController.swift */ = {isa = PBXFileReference; lastKnownFileType = sourcecode.swift; path = EditContactViewController.swift; sourceTree = "<group>"; };
/* End PBXFileReference section */

/* Begin PBXFrameworksBuildPhase section */
		5FB471FE2396D41F00385EC0 /* Frameworks */ = {
			isa = PBXFrameworksBuildPhase;
			buildActionMask = 2147483647;
			files = (
			);
			runOnlyForDeploymentPostprocessing = 0;
		};
		5FB472142396D42200385EC0 /* Frameworks */ = {
			isa = PBXFrameworksBuildPhase;
			buildActionMask = 2147483647;
			files = (
			);
			runOnlyForDeploymentPostprocessing = 0;
		};
		5FB4721F2396D42200385EC0 /* Frameworks */ = {
			isa = PBXFrameworksBuildPhase;
			buildActionMask = 2147483647;
			files = (
			);
			runOnlyForDeploymentPostprocessing = 0;
		};
/* End PBXFrameworksBuildPhase section */

/* Begin PBXGroup section */
		5FB471F82396D41F00385EC0 = {
			isa = PBXGroup;
			children = (
				5FB472032396D41F00385EC0 /* pract2CTFinal */,
				5FB4721A2396D42200385EC0 /* pract2CTFinalTests */,
				5FB472252396D42200385EC0 /* pract2CTFinalUITests */,
				5FB472022396D41F00385EC0 /* Products */,
			);
			sourceTree = "<group>";
		};
		5FB472022396D41F00385EC0 /* Products */ = {
			isa = PBXGroup;
			children = (
				5FB472012396D41F00385EC0 /* pract2CTFinal.app */,
				5FB472172396D42200385EC0 /* pract2CTFinalTests.xctest */,
				5FB472222396D42200385EC0 /* pract2CTFinalUITests.xctest */,
			);
			name = Products;
			sourceTree = "<group>";
		};
		5FB472032396D41F00385EC0 /* pract2CTFinal */ = {
			isa = PBXGroup;
			children = (
				5FB472042396D41F00385EC0 /* AppDelegate.swift */,
				5FB472062396D41F00385EC0 /* SceneDelegate.swift */,
				5FB472082396D41F00385EC0 /* ViewController.swift */,
				5FB4720A2396D41F00385EC0 /* Main.storyboard */,
				5FB4720D2396D42200385EC0 /* Assets.xcassets */,
				5FB4720F2396D42200385EC0 /* LaunchScreen.storyboard */,
				5FB472122396D42200385EC0 /* Info.plist */,
				5FFD1403239AA08E003991BE /* ctPract2.xcdatamodeld */,
				5FFD1406239AA5C1003991BE /* AddContactViewController.swift */,
				5FFD1408239AA809003991BE /* ShowContactViewController.swift */,
				5FFD140A239AAB0D003991BE /* ContactHeader.swift */,
				5FFD140C239AAB22003991BE /* ContactNumber.swift */,
				5FFD140E239AC9F0003991BE /* ContactController.swift */,
				5FFD1410239D4DDC003991BE /* EditContactViewController.swift */,
			);
			path = pract2CTFinal;
			sourceTree = "<group>";
		};
		5FB4721A2396D42200385EC0 /* pract2CTFinalTests */ = {
			isa = PBXGroup;
			children = (
				5FB4721B2396D42200385EC0 /* pract2CTFinalTests.swift */,
				5FB4721D2396D42200385EC0 /* Info.plist */,
			);
			path = pract2CTFinalTests;
			sourceTree = "<group>";
		};
		5FB472252396D42200385EC0 /* pract2CTFinalUITests */ = {
			isa = PBXGroup;
			children = (
				5FB472262396D42200385EC0 /* pract2CTFinalUITests.swift */,
				5FB472282396D42200385EC0 /* Info.plist */,
			);
			path = pract2CTFinalUITests;
			sourceTree = "<group>";
		};
/* End PBXGroup section */

/* Begin PBXNativeTarget section */
		5FB472002396D41F00385EC0 /* pract2CTFinal */ = {
			isa = PBXNativeTarget;
			buildConfigurationList = 5FB4722B2396D42200385EC0 /* Build configuration list for PBXNativeTarget "pract2CTFinal" */;
			buildPhases = (
				5FB471FD2396D41F00385EC0 /* Sources */,
				5FB471FE2396D41F00385EC0 /* Frameworks */,
				5FB471FF2396D41F00385EC0 /* Resources */,
			);
			buildRules = (
			);
			dependencies = (
			);
			name = pract2CTFinal;
			productName = pract2CTFinal;
			productReference = 5FB472012396D41F00385EC0 /* pract2CTFinal.app */;
			productType = "com.apple.product-type.application";
		};
		5FB472162396D42200385EC0 /* pract2CTFinalTests */ = {
			isa = PBXNativeTarget;
			buildConfigurationList = 5FB4722E2396D42200385EC0 /* Build configuration list for PBXNativeTarget "pract2CTFinalTests" */;
			buildPhases = (
				5FB472132396D42200385EC0 /* Sources */,
				5FB472142396D42200385EC0 /* Frameworks */,
				5FB472152396D42200385EC0 /* Resources */,
			);
			buildRules = (
			);
			dependencies = (
				5FB472192396D42200385EC0 /* PBXTargetDependency */,
			);
			name = pract2CTFinalTests;
			productName = pract2CTFinalTests;
			productReference = 5FB472172396D42200385EC0 /* pract2CTFinalTests.xctest */;
			productType = "com.apple.product-type.bundle.unit-test";
		};
		5FB472212396D42200385EC0 /* pract2CTFinalUITests */ = {
			isa = PBXNativeTarget;
			buildConfigurationList = 5FB472312396D42200385EC0 /* Build configuration list for PBXNativeTarget "pract2CTFinalUITests" */;
			buildPhases = (
				5FB4721E2396D42200385EC0 /* Sources */,
				5FB4721F2396D42200385EC0 /* Frameworks */,
				5FB472202396D42200385EC0 /* Resources */,
			);
			buildRules = (
			);
			dependencies = (
				5FB472242396D42200385EC0 /* PBXTargetDependency */,
			);
			name = pract2CTFinalUITests;
			productName = pract2CTFinalUITests;
			productReference = 5FB472222396D42200385EC0 /* pract2CTFinalUITests.xctest */;
			productType = "com.apple.product-type.bundle.ui-testing";
		};
/* End PBXNativeTarget section */

/* Begin PBXProject section */
		5FB471F92396D41F00385EC0 /* Project object */ = {
			isa = PBXProject;
			attributes = {
				LastSwiftUpdateCheck = 1110;
				LastUpgradeCheck = 1110;
				ORGANIZATIONNAME = "Rasyid Waterkamp";
				TargetAttributes = {
					5FB472002396D41F00385EC0 = {
						CreatedOnToolsVersion = 11.1;
					};
					5FB472162396D42200385EC0 = {
						CreatedOnToolsVersion = 11.1;
						TestTargetID = 5FB472002396D41F00385EC0;
					};
					5FB472212396D42200385EC0 = {
						CreatedOnToolsVersion = 11.1;
						TestTargetID = 5FB472002396D41F00385EC0;
					};
				};
			};
			buildConfigurationList = 5FB471FC2396D41F00385EC0 /* Build configuration list for PBXProject "pract2CTFinal" */;
			compatibilityVersion = "Xcode 9.3";
			developmentRegion = en;
			hasScannedForEncodings = 0;
			knownRegions = (
				en,
				Base,
			);
			mainGroup = 5FB471F82396D41F00385EC0;
			productRefGroup = 5FB472022396D41F00385EC0 /* Products */;
			projectDirPath = "";
			projectRoot = "";
			targets = (
				5FB472002396D41F00385EC0 /* pract2CTFinal */,
				5FB472162396D42200385EC0 /* pract2CTFinalTests */,
				5FB472212396D42200385EC0 /* pract2CTFinalUITests */,
			);
		};
/* End PBXProject section */

/* Begin PBXResourcesBuildPhase section */
		5FB471FF2396D41F00385EC0 /* Resources */ = {
			isa = PBXResourcesBuildPhase;
			buildActionMask = 2147483647;
			files = (
				5FB472112396D42200385EC0 /* LaunchScreen.storyboard in Resources */,
				5FB4720E2396D42200385EC0 /* Assets.xcassets in Resources */,
				5FB4720C2396D41F00385EC0 /* Main.storyboard in Resources */,
			);
			runOnlyForDeploymentPostprocessing = 0;
		};
		5FB472152396D42200385EC0 /* Resources */ = {
			isa = PBXResourcesBuildPhase;
			buildActionMask = 2147483647;
			files = (
			);
			runOnlyForDeploymentPostprocessing = 0;
		};
		5FB472202396D42200385EC0 /* Resources */ = {
			isa = PBXResourcesBuildPhase;
			buildActionMask = 2147483647;
			files = (
			);
			runOnlyForDeploymentPostprocessing = 0;
		};
/* End PBXResourcesBuildPhase section */

/* Begin PBXSourcesBuildPhase section */
		5FB471FD2396D41F00385EC0 /* Sources */ = {
			isa = PBXSourcesBuildPhase;
			buildActionMask = 2147483647;
			files = (
				5FFD1405239AA08E003991BE /* ctPract2.xcdatamodeld in Sources */,
				5FB472092396D41F00385EC0 /* ViewController.swift in Sources */,
				5FB472052396D41F00385EC0 /* AppDelegate.swift in Sources */,
				5FFD140D239AAB22003991BE /* ContactNumber.swift in Sources */,
				5FFD140B239AAB0D003991BE /* ContactHeader.swift in Sources */,
				5FFD1411239D4DDC003991BE /* EditContactViewController.swift in Sources */,
				5FFD1407239AA5C1003991BE /* AddContactViewController.swift in Sources */,
				5FFD1409239AA809003991BE /* ShowContactViewController.swift in Sources */,
				5FB472072396D41F00385EC0 /* SceneDelegate.swift in Sources */,
				5FFD140F239AC9F0003991BE /* ContactController.swift in Sources */,
			);
			runOnlyForDeploymentPostprocessing = 0;
		};
		5FB472132396D42200385EC0 /* Sources */ = {
			isa = PBXSourcesBuildPhase;
			buildActionMask = 2147483647;
			files = (
				5FB4721C2396D42200385EC0 /* pract2CTFinalTests.swift in Sources */,
			);
			runOnlyForDeploymentPostprocessing = 0;
		};
		5FB4721E2396D42200385EC0 /* Sources */ = {
			isa = PBXSourcesBuildPhase;
			buildActionMask = 2147483647;
			files = (
				5FB472272396D42200385EC0 /* pract2CTFinalUITests.swift in Sources */,
			);
			runOnlyForDeploymentPostprocessing = 0;
		};
/* End PBXSourcesBuildPhase section */

/* Begin PBXTargetDependency section */
		5FB472192396D42200385EC0 /* PBXTargetDependency */ = {
			isa = PBXTargetDependency;
			target = 5FB472002396D41F00385EC0 /* pract2CTFinal */;
			targetProxy = 5FB472182396D42200385EC0 /* PBXContainerItemProxy */;
		};
		5FB472242396D42200385EC0 /* PBXTargetDependency */ = {
			isa = PBXTargetDependency;
			target = 5FB472002396D41F00385EC0 /* pract2CTFinal */;
			targetProxy = 5FB472232396D42200385EC0 /* PBXContainerItemProxy */;
		};
/* End PBXTargetDependency section */

/* Begin PBXVariantGroup section */
		5FB4720A2396D41F00385EC0 /* Main.storyboard */ = {
			isa = PBXVariantGroup;
			children = (
				5FB4720B2396D41F00385EC0 /* Base */,
			);
			name = Main.storyboard;
			sourceTree = "<group>";
		};
		5FB4720F2396D42200385EC0 /* LaunchScreen.storyboard */ = {
			isa = PBXVariantGroup;
			children = (
				5FB472102396D42200385EC0 /* Base */,
			);
			name = LaunchScreen.storyboard;
			sourceTree = "<group>";
		};
/* End PBXVariantGroup section */

/* Begin XCBuildConfiguration section */
		5FB472292396D42200385EC0 /* Debug */ = {
			isa = XCBuildConfiguration;
			buildSettings = {
				ALWAYS_SEARCH_USER_PATHS = NO;
				CLANG_ANALYZER_NONNULL = YES;
				CLANG_ANALYZER_NUMBER_OBJECT_CONVERSION = YES_AGGRESSIVE;
				CLANG_CXX_LANGUAGE_STANDARD = "gnu++14";
				CLANG_CXX_LIBRARY = "libc++";
				CLANG_ENABLE_MODULES = YES;
				CLANG_ENABLE_OBJC_ARC = YES;
				CLANG_ENABLE_OBJC_WEAK = YES;
				CLANG_WARN_BLOCK_CAPTURE_AUTORELEASING = YES;
				CLANG_WARN_BOOL_CONVERSION = YES;
				CLANG_WARN_COMMA = YES;
				CLANG_WARN_CONSTANT_CONVERSION = YES;
				CLANG_WARN_DEPRECATED_OBJC_IMPLEMENTATIONS = YES;
				CLANG_WARN_DIRECT_OBJC_ISA_USAGE = YES_ERROR;
				CLANG_WARN_DOCUMENTATION_COMMENTS = YES;
				CLANG_WARN_EMPTY_BODY = YES;
				CLANG_WARN_ENUM_CONVERSION = YES;
				CLANG_WARN_INFINITE_RECURSION = YES;
				CLANG_WARN_INT_CONVERSION = YES;
				CLANG_WARN_NON_LITERAL_NULL_CONVERSION = YES;
				CLANG_WARN_OBJC_IMPLICIT_RETAIN_SELF = YES;
				CLANG_WARN_OBJC_LITERAL_CONVERSION = YES;
				CLANG_WARN_OBJC_ROOT_CLASS = YES_ERROR;
				CLANG_WARN_RANGE_LOOP_ANALYSIS = YES;
				CLANG_WARN_STRICT_PROTOTYPES = YES;
				CLANG_WARN_SUSPICIOUS_MOVE = YES;
				CLANG_WARN_UNGUARDED_AVAILABILITY = YES_AGGRESSIVE;
				CLANG_WARN_UNREACHABLE_CODE = YES;
				CLANG_WARN__DUPLICATE_METHOD_MATCH = YES;
				COPY_PHASE_STRIP = NO;
				DEBUG_INFORMATION_FORMAT = dwarf;
				ENABLE_STRICT_OBJC_MSGSEND = YES;
				ENABLE_TESTABILITY = YES;
				GCC_C_LANGUAGE_STANDARD = gnu11;
				GCC_DYNAMIC_NO_PIC = NO;
				GCC_NO_COMMON_BLOCKS = YES;
				GCC_OPTIMIZATION_LEVEL = 0;
				GCC_PREPROCESSOR_DEFINITIONS = (
					"DEBUG=1",
					"$(inherited)",
				);
				GCC_WARN_64_TO_32_BIT_CONVERSION = YES;
				GCC_WARN_ABOUT_RETURN_TYPE = YES_ERROR;
				GCC_WARN_UNDECLARED_SELECTOR = YES;
				GCC_WARN_UNINITIALIZED_AUTOS = YES_AGGRESSIVE;
				GCC_WARN_UNUSED_FUNCTION = YES;
				GCC_WARN_UNUSED_VARIABLE = YES;
				IPHONEOS_DEPLOYMENT_TARGET = 13.1;
				MTL_ENABLE_DEBUG_INFO = INCLUDE_SOURCE;
				MTL_FAST_MATH = YES;
				ONLY_ACTIVE_ARCH = YES;
				SDKROOT = iphoneos;
				SWIFT_ACTIVE_COMPILATION_CONDITIONS = DEBUG;
				SWIFT_OPTIMIZATION_LEVEL = "-Onone";
			};
			name = Debug;
		};
		5FB4722A2396D42200385EC0 /* Release */ = {
			isa = XCBuildConfiguration;
			buildSettings = {
				ALWAYS_SEARCH_USER_PATHS = NO;
				CLANG_ANALYZER_NONNULL = YES;
				CLANG_ANALYZER_NUMBER_OBJECT_CONVERSION = YES_AGGRESSIVE;
				CLANG_CXX_LANGUAGE_STANDARD = "gnu++14";
				CLANG_CXX_LIBRARY = "libc++";
				CLANG_ENABLE_MODULES = YES;
				CLANG_ENABLE_OBJC_ARC = YES;
				CLANG_ENABLE_OBJC_WEAK = YES;
				CLANG_WARN_BLOCK_CAPTURE_AUTORELEASING = YES;
				CLANG_WARN_BOOL_CONVERSION = YES;
				CLANG_WARN_COMMA = YES;
				CLANG_WARN_CONSTANT_CONVERSION = YES;
				CLANG_WARN_DEPRECATED_OBJC_IMPLEMENTATIONS = YES;
				CLANG_WARN_DIRECT_OBJC_ISA_USAGE = YES_ERROR;
				CLANG_WARN_DOCUMENTATION_COMMENTS = YES;
				CLANG_WARN_EMPTY_BODY = YES;
				CLANG_WARN_ENUM_CONVERSION = YES;
				CLANG_WARN_INFINITE_RECURSION = YES;
				CLANG_WARN_INT_CONVERSION = YES;
				CLANG_WARN_NON_LITERAL_NULL_CONVERSION = YES;
				CLANG_WARN_OBJC_IMPLICIT_RETAIN_SELF = YES;
				CLANG_WARN_OBJC_LITERAL_CONVERSION = YES;
				CLANG_WARN_OBJC_ROOT_CLASS = YES_ERROR;
				CLANG_WARN_RANGE_LOOP_ANALYSIS = YES;
				CLANG_WARN_STRICT_PROTOTYPES = YES;
				CLANG_WARN_SUSPICIOUS_MOVE = YES;
				CLANG_WARN_UNGUARDED_AVAILABILITY = YES_AGGRESSIVE;
				CLANG_WARN_UNREACHABLE_CODE = YES;
				CLANG_WARN__DUPLICATE_METHOD_MATCH = YES;
				COPY_PHASE_STRIP = NO;
				DEBUG_INFORMATION_FORMAT = "dwarf-with-dsym";
				ENABLE_NS_ASSERTIONS = NO;
				ENABLE_STRICT_OBJC_MSGSEND = YES;
				GCC_C_LANGUAGE_STANDARD = gnu11;
				GCC_NO_COMMON_BLOCKS = YES;
				GCC_WARN_64_TO_32_BIT_CONVERSION = YES;
				GCC_WARN_ABOUT_RETURN_TYPE = YES_ERROR;
				GCC_WARN_UNDECLARED_SELECTOR = YES;
				GCC_WARN_UNINITIALIZED_AUTOS = YES_AGGRESSIVE;
				GCC_WARN_UNUSED_FUNCTION = YES;
				GCC_WARN_UNUSED_VARIABLE = YES;
				IPHONEOS_DEPLOYMENT_TARGET = 13.1;
				MTL_ENABLE_DEBUG_INFO = NO;
				MTL_FAST_MATH = YES;
				SDKROOT = iphoneos;
				SWIFT_COMPILATION_MODE = wholemodule;
				SWIFT_OPTIMIZATION_LEVEL = "-O";
				VALIDATE_PRODUCT = YES;
			};
			name = Release;
		};
		5FB4722C2396D42200385EC0 /* Debug */ = {
			isa = XCBuildConfiguration;
			buildSettings = {
				ASSETCATALOG_COMPILER_APPICON_NAME = AppIcon;
				CODE_SIGN_STYLE = Automatic;
				INFOPLIST_FILE = pract2CTFinal/Info.plist;
				LD_RUNPATH_SEARCH_PATHS = (
					"$(inherited)",
					"@executable_path/Frameworks",
				);
				PRODUCT_BUNDLE_IDENTIFIER = sg.mad2.pract2CTFinal;
				PRODUCT_NAME = "$(TARGET_NAME)";
				SWIFT_VERSION = 5.0;
				TARGETED_DEVICE_FAMILY = "1,2";
			};
			name = Debug;
		};
		5FB4722D2396D42200385EC0 /* Release */ = {
			isa = XCBuildConfiguration;
			buildSettings = {
				ASSETCATALOG_COMPILER_APPICON_NAME = AppIcon;
				CODE_SIGN_STYLE = Automatic;
				INFOPLIST_FILE = pract2CTFinal/Info.plist;
				LD_RUNPATH_SEARCH_PATHS = (
					"$(inherited)",
					"@executable_path/Frameworks",
				);
				PRODUCT_BUNDLE_IDENTIFIER = sg.mad2.pract2CTFinal;
				PRODUCT_NAME = "$(TARGET_NAME)";
				SWIFT_VERSION = 5.0;
				TARGETED_DEVICE_FAMILY = "1,2";
			};
			name = Release;
		};
		5FB4722F2396D42200385EC0 /* Debug */ = {
			isa = XCBuildConfiguration;
			buildSettings = {
				ALWAYS_EMBED_SWIFT_STANDARD_LIBRARIES = YES;
				BUNDLE_LOADER = "$(TEST_HOST)";
				CODE_SIGN_STYLE = Automatic;
				INFOPLIST_FILE = pract2CTFinalTests/Info.plist;
				IPHONEOS_DEPLOYMENT_TARGET = 13.1;
				LD_RUNPATH_SEARCH_PATHS = (
					"$(inherited)",
					"@executable_path/Frameworks",
					"@loader_path/Frameworks",
				);
				PRODUCT_BUNDLE_IDENTIFIER = sg.mad2.pract2CTFinalTests;
				PRODUCT_NAME = "$(TARGET_NAME)";
				SWIFT_VERSION = 5.0;
				TARGETED_DEVICE_FAMILY = "1,2";
				TEST_HOST = "$(BUILT_PRODUCTS_DIR)/pract2CTFinal.app/pract2CTFinal";
			};
			name = Debug;
		};
		5FB472302396D42200385EC0 /* Release */ = {
			isa = XCBuildConfiguration;
			buildSettings = {
				ALWAYS_EMBED_SWIFT_STANDARD_LIBRARIES = YES;
				BUNDLE_LOADER = "$(TEST_HOST)";
				CODE_SIGN_STYLE = Automatic;
				INFOPLIST_FILE = pract2CTFinalTests/Info.plist;
				IPHONEOS_DEPLOYMENT_TARGET = 13.1;
				LD_RUNPATH_SEARCH_PATHS = (
					"$(inherited)",
					"@executable_path/Frameworks",
					"@loader_path/Frameworks",
				);
				PRODUCT_BUNDLE_IDENTIFIER = sg.mad2.pract2CTFinalTests;
				PRODUCT_NAME = "$(TARGET_NAME)";
				SWIFT_VERSION = 5.0;
				TARGETED_DEVICE_FAMILY = "1,2";
				TEST_HOST = "$(BUILT_PRODUCTS_DIR)/pract2CTFinal.app/pract2CTFinal";
			};
			name = Release;
		};
		5FB472322396D42200385EC0 /* Debug */ = {
			isa = XCBuildConfiguration;
			buildSettings = {
				ALWAYS_EMBED_SWIFT_STANDARD_LIBRARIES = YES;
				CODE_SIGN_STYLE = Automatic;
				INFOPLIST_FILE = pract2CTFinalUITests/Info.plist;
				LD_RUNPATH_SEARCH_PATHS = (
					"$(inherited)",
					"@executable_path/Frameworks",
					"@loader_path/Frameworks",
				);
				PRODUCT_BUNDLE_IDENTIFIER = sg.mad2.pract2CTFinalUITests;
				PRODUCT_NAME = "$(TARGET_NAME)";
				SWIFT_VERSION = 5.0;
				TARGETED_DEVICE_FAMILY = "1,2";
				TEST_TARGET_NAME = pract2CTFinal;
			};
			name = Debug;
		};
		5FB472332396D42200385EC0 /* Release */ = {
			isa = XCBuildConfiguration;
			buildSettings = {
				ALWAYS_EMBED_SWIFT_STANDARD_LIBRARIES = YES;
				CODE_SIGN_STYLE = Automatic;
				INFOPLIST_FILE = pract2CTFinalUITests/Info.plist;
				LD_RUNPATH_SEARCH_PATHS = (
					"$(inherited)",
					"@executable_path/Frameworks",
					"@loader_path/Frameworks",
				);
				PRODUCT_BUNDLE_IDENTIFIER = sg.mad2.pract2CTFinalUITests;
				PRODUCT_NAME = "$(TARGET_NAME)";
				SWIFT_VERSION = 5.0;
				TARGETED_DEVICE_FAMILY = "1,2";
				TEST_TARGET_NAME = pract2CTFinal;
			};
			name = Release;
		};
/* End XCBuildConfiguration section */

/* Begin XCConfigurationList section */
		5FB471FC2396D41F00385EC0 /* Build configuration list for PBXProject "pract2CTFinal" */ = {
			isa = XCConfigurationList;
			buildConfigurations = (
				5FB472292396D42200385EC0 /* Debug */,
				5FB4722A2396D42200385EC0 /* Release */,
			);
			defaultConfigurationIsVisible = 0;
			defaultConfigurationName = Release;
		};
		5FB4722B2396D42200385EC0 /* Build configuration list for PBXNativeTarget "pract2CTFinal" */ = {
			isa = XCConfigurationList;
			buildConfigurations = (
				5FB4722C2396D42200385EC0 /* Debug */,
				5FB4722D2396D42200385EC0 /* Release */,
			);
			defaultConfigurationIsVisible = 0;
			defaultConfigurationName = Release;
		};
		5FB4722E2396D42200385EC0 /* Build configuration list for PBXNativeTarget "pract2CTFinalTests" */ = {
			isa = XCConfigurationList;
			buildConfigurations = (
				5FB4722F2396D42200385EC0 /* Debug */,
				5FB472302396D42200385EC0 /* Release */,
			);
			defaultConfigurationIsVisible = 0;
			defaultConfigurationName = Release;
		};
		5FB472312396D42200385EC0 /* Build configuration list for PBXNativeTarget "pract2CTFinalUITests" */ = {
			isa = XCConfigurationList;
			buildConfigurations = (
				5FB472322396D42200385EC0 /* Debug */,
				5FB472332396D42200385EC0 /* Release */,
			);
			defaultConfigurationIsVisible = 0;
			defaultConfigurationName = Release;
		};
/* End XCConfigurationList section */

/* Begin XCVersionGroup section */
		5FFD1403239AA08E003991BE /* ctPract2.xcdatamodeld */ = {
			isa = XCVersionGroup;
			children = (
				5FFD1404239AA08E003991BE /* ctPract2.xcdatamodel */,
			);
			currentVersion = 5FFD1404239AA08E003991BE /* ctPract2.xcdatamodel */;
			path = ctPract2.xcdatamodeld;
			sourceTree = "<group>";
			versionGroupType = wrapper.xcdatamodel;
		};
/* End XCVersionGroup section */
	};
	rootObject = 5FB471F92396D41F00385EC0 /* Project object */;
}
